
Microsoft Visual Studio Solution File, Format Version 12.00
# Visual Studio Version 16
VisualStudioVersion = 16.0.28803.352
MinimumVisualStudioVersion = 10.0.40219.1
Project("{FAE04EC0-301F-11D3-BF4B-00C04F79EFBC}") = "Pattern_Usage_Examples", "Pattern_Usage_Examples\Pattern_Usage_Examples.csproj", "{9F107D56-A5DD-4D7A-9826-FDF32831E855}"
EndProject
Global
	GlobalSection(SolutionConfigurationPlatforms) = preSolution
		Debug|Any CPU = Debug|Any CPU
		Release|Any CPU = Release|Any CPU
	EndGlobalSection
	GlobalSection(ProjectConfigurationPlatforms) = postSolution
		{9F107D56-A5DD-4D7A-9826-FDF32831E855}.Debug|Any CPU.ActiveCfg = Debug|Any CPU
		{9F107D56-A5DD-4D7A-9826-FDF32831E855}.Debug|Any CPU.Build.0 = Debug|Any CPU
		{9F107D56-A5DD-4D7A-9826-FDF32831E855}.Release|Any CPU.ActiveCfg = Release|Any CPU
		{9F107D56-A5DD-4D7A-9826-FDF32831E855}.Release|Any CPU.Build.0 = Release|Any CPU
	EndGlobalSection
	GlobalSection(SolutionProperties) = preSolution
		HideSolutionNode = FALSE
	EndGlobalSection
	GlobalSection(ExtensibilityGlobals) = postSolution
		SolutionGuid = {53690A7A-1341-4E66-9245-29F1C2F07907}
	EndGlobalSection
EndGlobal
